
Microsoft Visual Studio Solution File, Format Version 12.00
# Visual Studio Version 17
VisualStudioVersion = 17.0.31903.59
MinimumVisualStudioVersion = 10.0.40219.1
Project("{2150E333-8FDC-42A3-9474-1A3956D46DE8}") = "SystemTravers", "SystemTravers", "{E3B478CF-2907-E17D-8363-21E62CD2F164}"
EndProject
Project("{FAE04EC0-301F-11D3-BF4B-00C04F79EFBC}") = "BimboClub", "SystemTravers\BimboClub.csproj", "{A138CC66-0379-4292-AEBD-CC0E452860C2}"
EndProject
Project("{FAE04EC0-301F-11D3-BF4B-00C04F79EFBC}") = "DuctSystemParamCopy", "DuctSystemParamCopy\DuctSystemParamCopy.csproj", "{D2337431-1967-4645-8486-86595CA628B3}"
EndProject
Project("{FAE04EC0-301F-11D3-BF4B-00C04F79EFBC}") = "BimboClubManager", "BimboClubManager\BimboClubManager.csproj", "{83895DEA-90F6-4352-82F5-17864AE52E37}"
EndProject
Global
	GlobalSection(SolutionConfigurationPlatforms) = preSolution
		Debug|Any CPU = Debug|Any CPU
		Debug|x64 = Debug|x64
		Debug|x86 = Debug|x86
		Release|Any CPU = Release|Any CPU
		Release|x64 = Release|x64
		Release|x86 = Release|x86
	EndGlobalSection
	GlobalSection(ProjectConfigurationPlatforms) = postSolution
		{A138CC66-0379-4292-AEBD-CC0E452860C2}.Debug|Any CPU.ActiveCfg = Debug|x64
		{A138CC66-0379-4292-AEBD-CC0E452860C2}.Debug|Any CPU.Build.0 = Debug|x64
		{A138CC66-0379-4292-AEBD-CC0E452860C2}.Debug|x64.ActiveCfg = Debug|x64
		{A138CC66-0379-4292-AEBD-CC0E452860C2}.Debug|x64.Build.0 = Debug|x64
		{A138CC66-0379-4292-AEBD-CC0E452860C2}.Debug|x86.ActiveCfg = Debug|x64
		{A138CC66-0379-4292-AEBD-CC0E452860C2}.Debug|x86.Build.0 = Debug|x64
		{A138CC66-0379-4292-AEBD-CC0E452860C2}.Release|Any CPU.ActiveCfg = Release|x64
		{A138CC66-0379-4292-AEBD-CC0E452860C2}.Release|Any CPU.Build.0 = Release|x64
		{A138CC66-0379-4292-AEBD-CC0E452860C2}.Release|x64.ActiveCfg = Release|x64
		{A138CC66-0379-4292-AEBD-CC0E452860C2}.Release|x64.Build.0 = Release|x64
		{A138CC66-0379-4292-AEBD-CC0E452860C2}.Release|x86.ActiveCfg = Release|x64
		{A138CC66-0379-4292-AEBD-CC0E452860C2}.Release|x86.Build.0 = Release|x64
		{D2337431-1967-4645-8486-86595CA628B3}.Debug|Any CPU.ActiveCfg = Debug|x64
		{D2337431-1967-4645-8486-86595CA628B3}.Debug|Any CPU.Build.0 = Debug|x64
		{D2337431-1967-4645-8486-86595CA628B3}.Debug|x64.ActiveCfg = Debug|x64
		{D2337431-1967-4645-8486-86595CA628B3}.Debug|x64.Build.0 = Debug|x64
		{D2337431-1967-4645-8486-86595CA628B3}.Debug|x86.ActiveCfg = Debug|x64
		{D2337431-1967-4645-8486-86595CA628B3}.Debug|x86.Build.0 = Debug|x64
		{D2337431-1967-4645-8486-86595CA628B3}.Release|Any CPU.ActiveCfg = Release|x64
		{D2337431-1967-4645-8486-86595CA628B3}.Release|Any CPU.Build.0 = Release|x64
		{D2337431-1967-4645-8486-86595CA628B3}.Release|x64.ActiveCfg = Release|x64
		{D2337431-1967-4645-8486-86595CA628B3}.Release|x64.Build.0 = Release|x64
		{D2337431-1967-4645-8486-86595CA628B3}.Release|x86.ActiveCfg = Release|x64
		{D2337431-1967-4645-8486-86595CA628B3}.Release|x86.Build.0 = Release|x64
		{83895DEA-90F6-4352-82F5-17864AE52E37}.Debug|Any CPU.ActiveCfg = Debug|Any CPU
		{83895DEA-90F6-4352-82F5-17864AE52E37}.Debug|Any CPU.Build.0 = Debug|Any CPU
		{83895DEA-90F6-4352-82F5-17864AE52E37}.Debug|x64.ActiveCfg = Debug|Any CPU
		{83895DEA-90F6-4352-82F5-17864AE52E37}.Debug|x64.Build.0 = Debug|Any CPU
		{83895DEA-90F6-4352-82F5-17864AE52E37}.Debug|x86.ActiveCfg = Debug|Any CPU
		{83895DEA-90F6-4352-82F5-17864AE52E37}.Debug|x86.Build.0 = Debug|Any CPU
		{83895DEA-90F6-4352-82F5-17864AE52E37}.Release|Any CPU.ActiveCfg = Release|Any CPU
		{83895DEA-90F6-4352-82F5-17864AE52E37}.Release|Any CPU.Build.0 = Release|Any CPU
		{83895DEA-90F6-4352-82F5-17864AE52E37}.Release|x64.ActiveCfg = Release|Any CPU
		{83895DEA-90F6-4352-82F5-17864AE52E37}.Release|x64.Build.0 = Release|Any CPU
		{83895DEA-90F6-4352-82F5-17864AE52E37}.Release|x86.ActiveCfg = Release|Any CPU
		{83895DEA-90F6-4352-82F5-17864AE52E37}.Release|x86.Build.0 = Release|Any CPU
	EndGlobalSection
	GlobalSection(SolutionProperties) = preSolution
		HideSolutionNode = FALSE
	EndGlobalSection
	GlobalSection(NestedProjects) = preSolution
		{A138CC66-0379-4292-AEBD-CC0E452860C2} = {E3B478CF-2907-E17D-8363-21E62CD2F164}
	EndGlobalSection
EndGlobal
